
Microsoft Visual Studio Solution File, Format Version 12.00
# Visual Studio Version 17
VisualStudioVersion = 17.5.002.0
MinimumVisualStudioVersion = 10.0.40219.1
Project("{9A19103F-16F7-4668-BE54-9A1E7A4F7556}") = "MycleanerService", "MycleanerService.csproj", "{1B6F552C-24BA-49D7-866D-CD81DBCA3113}"
EndProject
Global
	GlobalSection(SolutionConfigurationPlatforms) = preSolution
		Debug|Any CPU = Debug|Any CPU
		Release|Any CPU = Release|Any CPU
	EndGlobalSection
	GlobalSection(ProjectConfigurationPlatforms) = postSolution
		{1B6F552C-24BA-49D7-866D-CD81DBCA3113}.Debug|Any CPU.ActiveCfg = Debug|Any CPU
		{1B6F552C-24BA-49D7-866D-CD81DBCA3113}.Debug|Any CPU.Build.0 = Debug|Any CPU
		{1B6F552C-24BA-49D7-866D-CD81DBCA3113}.Release|Any CPU.ActiveCfg = Release|Any CPU
		{1B6F552C-24BA-49D7-866D-CD81DBCA3113}.Release|Any CPU.Build.0 = Release|Any CPU
	EndGlobalSection
	GlobalSection(SolutionProperties) = preSolution
		HideSolutionNode = FALSE
	EndGlobalSection
	GlobalSection(ExtensibilityGlobals) = postSolution
		SolutionGuid = {29B48BA4-82AF-4D5B-8E67-D5200C0F6DA4}
	EndGlobalSection
EndGlobal
